
Microsoft Visual Studio Solution File, Format Version 12.00
# Visual Studio Version 16
VisualStudioVersion = 16.0.28711.60
MinimumVisualStudioVersion = 10.0.40219.1
Project("{9A19103F-16F7-4668-BE54-9A1E7A4F7556}") = "KwpMyCraftnoteProjectSyncAdapter", "KwpMyCraftnoteProjectSyncAdapter\KwpMyCraftnoteProjectSyncAdapter.csproj", "{12C36301-7962-469F-BAAC-672A902B856A}"
EndProject
Global
	GlobalSection(SolutionConfigurationPlatforms) = preSolution
		Debug|Any CPU = Debug|Any CPU
		Debug|x86 = Debug|x86
		Release|Any CPU = Release|Any CPU
		Release|x86 = Release|x86
	EndGlobalSection
	GlobalSection(ProjectConfigurationPlatforms) = postSolution
		{12C36301-7962-469F-BAAC-672A902B856A}.Debug|Any CPU.ActiveCfg = Debug|Any CPU
		{12C36301-7962-469F-BAAC-672A902B856A}.Debug|Any CPU.Build.0 = Debug|Any CPU
		{12C36301-7962-469F-BAAC-672A902B856A}.Debug|x86.ActiveCfg = Debug|Any CPU
		{12C36301-7962-469F-BAAC-672A902B856A}.Debug|x86.Build.0 = Debug|Any CPU
		{12C36301-7962-469F-BAAC-672A902B856A}.Release|Any CPU.ActiveCfg = Release|Any CPU
		{12C36301-7962-469F-BAAC-672A902B856A}.Release|Any CPU.Build.0 = Release|Any CPU
		{12C36301-7962-469F-BAAC-672A902B856A}.Release|x86.ActiveCfg = Release|Any CPU
		{12C36301-7962-469F-BAAC-672A902B856A}.Release|x86.Build.0 = Release|Any CPU
	EndGlobalSection
	GlobalSection(SolutionProperties) = preSolution
		HideSolutionNode = FALSE
	EndGlobalSection
	GlobalSection(ExtensibilityGlobals) = postSolution
		SolutionGuid = {35A5CE67-CC2A-46EB-87B0-FF0D4E35B8E0}
	EndGlobalSection
EndGlobal
